
Microsoft Visual Studio Solution File, Format Version 12.00
# Visual Studio Version 16
VisualStudioVersion = 16.0.30330.147
MinimumVisualStudioVersion = 10.0.40219.1
Project("{9A19103F-16F7-4668-BE54-9A1E7A4F7556}") = "COVIDApp", "COVIDApp\COVIDApp.csproj", "{23D470DD-CFD4-4881-9A76-A168D25D3D75}"
EndProject
Project("{9A19103F-16F7-4668-BE54-9A1E7A4F7556}") = "COVIDData", "..\COVIDData\COVIDData\COVIDData.csproj", "{5825F8BB-6959-4F8E-BD6B-F7DFACD14D59}"
EndProject
Project("{9A19103F-16F7-4668-BE54-9A1E7A4F7556}") = "COVIDTests", "..\COVIDTests\COVIDTests.csproj", "{AB7A0471-6830-4672-8B8C-81CB9D7101BD}"
EndProject
Global
	GlobalSection(SolutionConfigurationPlatforms) = preSolution
		Debug|Any CPU = Debug|Any CPU
		Release|Any CPU = Release|Any CPU
	EndGlobalSection
	GlobalSection(ProjectConfigurationPlatforms) = postSolution
		{23D470DD-CFD4-4881-9A76-A168D25D3D75}.Debug|Any CPU.ActiveCfg = Debug|Any CPU
		{23D470DD-CFD4-4881-9A76-A168D25D3D75}.Debug|Any CPU.Build.0 = Debug|Any CPU
		{23D470DD-CFD4-4881-9A76-A168D25D3D75}.Release|Any CPU.ActiveCfg = Release|Any CPU
		{23D470DD-CFD4-4881-9A76-A168D25D3D75}.Release|Any CPU.Build.0 = Release|Any CPU
		{5825F8BB-6959-4F8E-BD6B-F7DFACD14D59}.Debug|Any CPU.ActiveCfg = Debug|Any CPU
		{5825F8BB-6959-4F8E-BD6B-F7DFACD14D59}.Debug|Any CPU.Build.0 = Debug|Any CPU
		{5825F8BB-6959-4F8E-BD6B-F7DFACD14D59}.Release|Any CPU.ActiveCfg = Release|Any CPU
		{5825F8BB-6959-4F8E-BD6B-F7DFACD14D59}.Release|Any CPU.Build.0 = Release|Any CPU
		{AB7A0471-6830-4672-8B8C-81CB9D7101BD}.Debug|Any CPU.ActiveCfg = Debug|Any CPU
		{AB7A0471-6830-4672-8B8C-81CB9D7101BD}.Debug|Any CPU.Build.0 = Debug|Any CPU
		{AB7A0471-6830-4672-8B8C-81CB9D7101BD}.Release|Any CPU.ActiveCfg = Release|Any CPU
		{AB7A0471-6830-4672-8B8C-81CB9D7101BD}.Release|Any CPU.Build.0 = Release|Any CPU
	EndGlobalSection
	GlobalSection(SolutionProperties) = preSolution
		HideSolutionNode = FALSE
	EndGlobalSection
	GlobalSection(ExtensibilityGlobals) = postSolution
		SolutionGuid = {4D778ED2-0700-40D1-A72D-5E26A2A493AA}
	EndGlobalSection
EndGlobal
