
Microsoft Visual Studio Solution File, Format Version 12.00
# Visual Studio Version 16
VisualStudioVersion = 16.0.30330.147
MinimumVisualStudioVersion = 10.0.40219.1
Project("{FAE04EC0-301F-11D3-BF4B-00C04F79EFBC}") = "COVIDApp", "COVIDApp\COVIDApp.csproj", "{23D470DD-CFD4-4881-9A76-A168D25D3D75}"
EndProject
Project("{FAE04EC0-301F-11D3-BF4B-00C04F79EFBC}") = "COVIDData", "..\COVIDData\COVIDData\COVIDData.csproj", "{5825F8BB-6959-4F8E-BD6B-F7DFACD14D59}"
EndProject
Project("{FAE04EC0-301F-11D3-BF4B-00C04F79EFBC}") = "COVIDTests", "COVIDTests\COVIDTests.csproj", "{C58232AC-6330-4447-BD24-CA9A1E3FC7DF}"
EndProject
Global
	GlobalSection(SolutionConfigurationPlatforms) = preSolution
		Debug|Any CPU = Debug|Any CPU
		Release|Any CPU = Release|Any CPU
	EndGlobalSection
	GlobalSection(ProjectConfigurationPlatforms) = postSolution
		{23D470DD-CFD4-4881-9A76-A168D25D3D75}.Debug|Any CPU.ActiveCfg = Debug|Any CPU
		{23D470DD-CFD4-4881-9A76-A168D25D3D75}.Debug|Any CPU.Build.0 = Debug|Any CPU
		{23D470DD-CFD4-4881-9A76-A168D25D3D75}.Release|Any CPU.ActiveCfg = Release|Any CPU
		{23D470DD-CFD4-4881-9A76-A168D25D3D75}.Release|Any CPU.Build.0 = Release|Any CPU
		{5825F8BB-6959-4F8E-BD6B-F7DFACD14D59}.Debug|Any CPU.ActiveCfg = Debug|Any CPU
		{5825F8BB-6959-4F8E-BD6B-F7DFACD14D59}.Debug|Any CPU.Build.0 = Debug|Any CPU
		{5825F8BB-6959-4F8E-BD6B-F7DFACD14D59}.Release|Any CPU.ActiveCfg = Release|Any CPU
		{5825F8BB-6959-4F8E-BD6B-F7DFACD14D59}.Release|Any CPU.Build.0 = Release|Any CPU
		{C58232AC-6330-4447-BD24-CA9A1E3FC7DF}.Debug|Any CPU.ActiveCfg = Debug|Any CPU
		{C58232AC-6330-4447-BD24-CA9A1E3FC7DF}.Debug|Any CPU.Build.0 = Debug|Any CPU
		{C58232AC-6330-4447-BD24-CA9A1E3FC7DF}.Release|Any CPU.ActiveCfg = Release|Any CPU
		{C58232AC-6330-4447-BD24-CA9A1E3FC7DF}.Release|Any CPU.Build.0 = Release|Any CPU
	EndGlobalSection
	GlobalSection(SolutionProperties) = preSolution
		HideSolutionNode = FALSE
	EndGlobalSection
	GlobalSection(ExtensibilityGlobals) = postSolution
		SolutionGuid = {4D778ED2-0700-40D1-A72D-5E26A2A493AA}
	EndGlobalSection
EndGlobal
